
Microsoft Visual Studio Solution File, Format Version 12.00
# Visual Studio 2012
Project("{2150E333-8FDC-42A3-9474-1A3956D46DE8}") = "test", "test", "{87757E99-1BC9-46B5-BCB7-C49EB107CDE9}"
EndProject
Project("{2150E333-8FDC-42A3-9474-1A3956D46DE8}") = "samples", "samples", "{04A5DF86-B19F-4F68-A9F2-24F64469E02B}"
EndProject
Project("{2150E333-8FDC-42A3-9474-1A3956D46DE8}") = "Solution Items", "Solution Items", "{7AC5A6CB-37F0-46BC-BC8B-BB7EF217146A}"
	ProjectSection(SolutionItems) = preProject
		build.xml = build.xml
	EndProjectSection
EndProject
Project("{2150E333-8FDC-42A3-9474-1A3956D46DE8}") = "src", "src", "{B45E9AFC-CB67-4A69-A3B1-607CA9D33506}"
EndProject
Project("{2150E333-8FDC-42A3-9474-1A3956D46DE8}") = "doc", "doc", "{628F6878-C794-4989-9830-E9B606CC38C9}"
	ProjectSection(SolutionItems) = preProject
		doc\OIOSI RASP Library for .Net Installation Guide.doc = doc\OIOSI RASP Library for .Net Installation Guide.doc
	EndProjectSection
EndProject
Project("{2150E333-8FDC-42A3-9474-1A3956D46DE8}") = "ProductionUddi", "ProductionUddi", "{8EFB3AB8-82D3-4A39-9B7C-15512395B555}"
EndProject
Project("{2150E333-8FDC-42A3-9474-1A3956D46DE8}") = "lib", "lib", "{61357A64-7536-4101-A4B5-7618EE694BAE}"
EndProject
Project("{FAE04EC0-301F-11D3-BF4B-00C04F79EFBC}") = "dk.gov.oiosi", "src\dk.gov.oiosi\dk.gov.oiosi.csproj", "{EB448C5D-5CED-4F3B-9694-7BCCF20DCA51}"
EndProject
Project("{FAE04EC0-301F-11D3-BF4B-00C04F79EFBC}") = "dk.gov.oiosi.exception", "src\dk.gov.oiosi.exception\dk.gov.oiosi.exception.csproj", "{64FADDE4-B1CC-431D-B646-37286621500F}"
EndProject
Project("{FAE04EC0-301F-11D3-BF4B-00C04F79EFBC}") = "dk.gov.oiosi.configuration", "src\dk.gov.oiosi.configuration\dk.gov.oiosi.configuration.csproj", "{57C0192D-6D8F-4FDF-A349-B30CC5F96A67}"
EndProject
Project("{FAE04EC0-301F-11D3-BF4B-00C04F79EFBC}") = "dk.gov.oiosi.Logging", "src\dk.gov.oiosi.Logging\dk.gov.oiosi.Logging.csproj", "{1D9FFCF0-992B-4533-A9B6-590C6CBDD399}"
EndProject
Project("{FAE04EC0-301F-11D3-BF4B-00C04F79EFBC}") = "dk.gov.oiosi.raspProfile", "src\dk.gov.oiosi.raspProfile\dk.gov.oiosi.raspProfile.csproj", "{5DC53C0F-D4D1-4E78-9764-0F25F32FF14C}"
EndProject
Project("{FAE04EC0-301F-11D3-BF4B-00C04F79EFBC}") = "dk.gov.oiosi.test.interceptors", "test\dk.gov.oiosi.test.interceptors\dk.gov.oiosi.test.interceptors.csproj", "{E3543EED-B932-40FE-9986-1877DCEF3934}"
EndProject
Project("{FAE04EC0-301F-11D3-BF4B-00C04F79EFBC}") = "dk.gov.oiosi.test.request", "test\dk.gov.oiosi.test.request\dk.gov.oiosi.test.request.csproj", "{5E505C7E-74B8-4B5C-9989-BFAC6279065B}"
EndProject
Project("{FAE04EC0-301F-11D3-BF4B-00C04F79EFBC}") = "dk.gov.oiosi.test.integration", "test\dk.gov.oiosi.test.integration\dk.gov.oiosi.test.integration.csproj", "{B1E6C02C-D036-4E02-A66C-F7A5A75C8F78}"
EndProject
Project("{FAE04EC0-301F-11D3-BF4B-00C04F79EFBC}") = "dk.gov.oiosi.test.unit", "test\dk.gov.oiosi.test.unit\dk.gov.oiosi.test.unit.csproj", "{F7E90D5A-EEB1-45F4-AD3E-C707BC5DB2A9}"
EndProject
Project("{FAE04EC0-301F-11D3-BF4B-00C04F79EFBC}") = "dk.gov.oiosi.samples.consoleClientExample", "samples\dk.gov.oiosi.samples.consolesClientExample\dk.gov.oiosi.samples.consoleClientExample.csproj", "{85D7677F-F564-49BB-90FC-498D6DFEBF81}"
EndProject
Project("{FAE04EC0-301F-11D3-BF4B-00C04F79EFBC}") = "dk.gov.oiosi.samples.ClientExample", "samples\dk.gov.oiosi.samples.ClientExample\dk.gov.oiosi.samples.ClientExample.csproj", "{E6B6BCEA-0DFC-4ECB-A1F2-E8A38B0C7222}"
EndProject
Project("{FAE04EC0-301F-11D3-BF4B-00C04F79EFBC}") = "Oioubl_Invoice_LiveTestEndpoint", "samples\ProductionUddi\Oioubl_Invoice_LiveTestEndpoint\Oioubl_Invoice_LiveTestEndpoint.csproj", "{CB3B7203-8EE9-49D8-9ABC-5DC5025C525E}"
EndProject
Project("{FAE04EC0-301F-11D3-BF4B-00C04F79EFBC}") = "dk.gov.oiosi.resource", "src\dk.gov.oiosi.resource\dk.gov.oiosi.resource.csproj", "{79042BE3-3F98-4C5E-BEA2-F82F497F8526}"
EndProject
Project("{FAE04EC0-301F-11D3-BF4B-00C04F79EFBC}") = "dk.gov.oiosi.appConfig", "src\dk.gov.oiosi.appConfig\dk.gov.oiosi.appConfig.csproj", "{B62518D3-E81C-4937-B1F0-5A936D719693}"
EndProject
Project("{FAE04EC0-301F-11D3-BF4B-00C04F79EFBC}") = "dk.gov.oiosi.samples.TestCertificate", "samples\dk.gov.oiosi.samples.TestCertificate\dk.gov.oiosi.samples.TestCertificate.csproj", "{E186AC23-0A09-45E9-ABD7-E6123E200C52}"
EndProject
Project("{FAE04EC0-301F-11D3-BF4B-00C04F79EFBC}") = "dk.gov.oiosi.samples.TestUddi", "samples\dk.gov.oiosi.samples.TestUddi\dk.gov.oiosi.samples.TestUddi.csproj", "{942B8034-0548-4798-BB0B-9417311CA883}"
EndProject
Project("{FAE04EC0-301F-11D3-BF4B-00C04F79EFBC}") = "Oioubl_Invoice_EndpointJavaHttp", "samples\ProductionUddi\Oioubl_Invoice_EndpointJavaHttp\Oioubl_Invoice_EndpointJavaHttp.csproj", "{332FFFFB-D1B2-42A1-9B1A-4309AB70D1DB}"
EndProject
Project("{FAE04EC0-301F-11D3-BF4B-00C04F79EFBC}") = "Oioubl_Invoice_EndpointNetHttp", "samples\ProductionUddi\Oioubl_Invoice_EndpointNetHttp\Oioubl_Invoice_EndpointNetHttp.csproj", "{7C3CE344-C17E-4804-8BD8-499423B05ECB}"
EndProject
Project("{FAE04EC0-301F-11D3-BF4B-00C04F79EFBC}") = "TestUddi_TestAll", "samples\ProductionUddi\TestUddi_TestAll\TestUddi_TestAll.csproj", "{59C642DB-02F2-4AC4-8858-0A0602B8C762}"
EndProject
Global
	GlobalSection(SubversionScc) = preSolution
		Svn-Managed = True
		Manager = AnkhSVN - Subversion Support for Visual Studio
	EndGlobalSection
	GlobalSection(SolutionConfigurationPlatforms) = preSolution
		Debug|Any CPU = Debug|Any CPU
		Release|Any CPU = Release|Any CPU
	EndGlobalSection
	GlobalSection(ProjectConfigurationPlatforms) = postSolution
		{EB448C5D-5CED-4F3B-9694-7BCCF20DCA51}.Debug|Any CPU.ActiveCfg = Debug|Any CPU
		{EB448C5D-5CED-4F3B-9694-7BCCF20DCA51}.Debug|Any CPU.Build.0 = Debug|Any CPU
		{EB448C5D-5CED-4F3B-9694-7BCCF20DCA51}.Release|Any CPU.ActiveCfg = Release|Any CPU
		{EB448C5D-5CED-4F3B-9694-7BCCF20DCA51}.Release|Any CPU.Build.0 = Release|Any CPU
		{64FADDE4-B1CC-431D-B646-37286621500F}.Debug|Any CPU.ActiveCfg = Debug|Any CPU
		{64FADDE4-B1CC-431D-B646-37286621500F}.Debug|Any CPU.Build.0 = Debug|Any CPU
		{64FADDE4-B1CC-431D-B646-37286621500F}.Release|Any CPU.ActiveCfg = Release|Any CPU
		{64FADDE4-B1CC-431D-B646-37286621500F}.Release|Any CPU.Build.0 = Release|Any CPU
		{57C0192D-6D8F-4FDF-A349-B30CC5F96A67}.Debug|Any CPU.ActiveCfg = Debug|Any CPU
		{57C0192D-6D8F-4FDF-A349-B30CC5F96A67}.Debug|Any CPU.Build.0 = Debug|Any CPU
		{57C0192D-6D8F-4FDF-A349-B30CC5F96A67}.Release|Any CPU.ActiveCfg = Release|Any CPU
		{57C0192D-6D8F-4FDF-A349-B30CC5F96A67}.Release|Any CPU.Build.0 = Release|Any CPU
		{1D9FFCF0-992B-4533-A9B6-590C6CBDD399}.Debug|Any CPU.ActiveCfg = Debug|Any CPU
		{1D9FFCF0-992B-4533-A9B6-590C6CBDD399}.Debug|Any CPU.Build.0 = Debug|Any CPU
		{1D9FFCF0-992B-4533-A9B6-590C6CBDD399}.Release|Any CPU.ActiveCfg = Release|Any CPU
		{1D9FFCF0-992B-4533-A9B6-590C6CBDD399}.Release|Any CPU.Build.0 = Release|Any CPU
		{5DC53C0F-D4D1-4E78-9764-0F25F32FF14C}.Debug|Any CPU.ActiveCfg = Debug|Any CPU
		{5DC53C0F-D4D1-4E78-9764-0F25F32FF14C}.Debug|Any CPU.Build.0 = Debug|Any CPU
		{5DC53C0F-D4D1-4E78-9764-0F25F32FF14C}.Release|Any CPU.ActiveCfg = Release|Any CPU
		{5DC53C0F-D4D1-4E78-9764-0F25F32FF14C}.Release|Any CPU.Build.0 = Release|Any CPU
		{E3543EED-B932-40FE-9986-1877DCEF3934}.Debug|Any CPU.ActiveCfg = Debug|Any CPU
		{E3543EED-B932-40FE-9986-1877DCEF3934}.Debug|Any CPU.Build.0 = Debug|Any CPU
		{E3543EED-B932-40FE-9986-1877DCEF3934}.Release|Any CPU.ActiveCfg = Release|Any CPU
		{E3543EED-B932-40FE-9986-1877DCEF3934}.Release|Any CPU.Build.0 = Release|Any CPU
		{5E505C7E-74B8-4B5C-9989-BFAC6279065B}.Debug|Any CPU.ActiveCfg = Debug|Any CPU
		{5E505C7E-74B8-4B5C-9989-BFAC6279065B}.Debug|Any CPU.Build.0 = Debug|Any CPU
		{5E505C7E-74B8-4B5C-9989-BFAC6279065B}.Release|Any CPU.ActiveCfg = Release|Any CPU
		{5E505C7E-74B8-4B5C-9989-BFAC6279065B}.Release|Any CPU.Build.0 = Release|Any CPU
		{B1E6C02C-D036-4E02-A66C-F7A5A75C8F78}.Debug|Any CPU.ActiveCfg = Debug|Any CPU
		{B1E6C02C-D036-4E02-A66C-F7A5A75C8F78}.Debug|Any CPU.Build.0 = Debug|Any CPU
		{B1E6C02C-D036-4E02-A66C-F7A5A75C8F78}.Release|Any CPU.ActiveCfg = Release|Any CPU
		{B1E6C02C-D036-4E02-A66C-F7A5A75C8F78}.Release|Any CPU.Build.0 = Release|Any CPU
		{F7E90D5A-EEB1-45F4-AD3E-C707BC5DB2A9}.Debug|Any CPU.ActiveCfg = Debug|Any CPU
		{F7E90D5A-EEB1-45F4-AD3E-C707BC5DB2A9}.Debug|Any CPU.Build.0 = Debug|Any CPU
		{F7E90D5A-EEB1-45F4-AD3E-C707BC5DB2A9}.Release|Any CPU.ActiveCfg = Release|Any CPU
		{F7E90D5A-EEB1-45F4-AD3E-C707BC5DB2A9}.Release|Any CPU.Build.0 = Release|Any CPU
		{85D7677F-F564-49BB-90FC-498D6DFEBF81}.Debug|Any CPU.ActiveCfg = Debug|Any CPU
		{85D7677F-F564-49BB-90FC-498D6DFEBF81}.Debug|Any CPU.Build.0 = Debug|Any CPU
		{85D7677F-F564-49BB-90FC-498D6DFEBF81}.Release|Any CPU.ActiveCfg = Release|Any CPU
		{85D7677F-F564-49BB-90FC-498D6DFEBF81}.Release|Any CPU.Build.0 = Release|Any CPU
		{E6B6BCEA-0DFC-4ECB-A1F2-E8A38B0C7222}.Debug|Any CPU.ActiveCfg = Debug|Any CPU
		{E6B6BCEA-0DFC-4ECB-A1F2-E8A38B0C7222}.Debug|Any CPU.Build.0 = Debug|Any CPU
		{E6B6BCEA-0DFC-4ECB-A1F2-E8A38B0C7222}.Release|Any CPU.ActiveCfg = Release|Any CPU
		{E6B6BCEA-0DFC-4ECB-A1F2-E8A38B0C7222}.Release|Any CPU.Build.0 = Release|Any CPU
		{CB3B7203-8EE9-49D8-9ABC-5DC5025C525E}.Debug|Any CPU.ActiveCfg = Debug|Any CPU
		{CB3B7203-8EE9-49D8-9ABC-5DC5025C525E}.Debug|Any CPU.Build.0 = Debug|Any CPU
		{CB3B7203-8EE9-49D8-9ABC-5DC5025C525E}.Release|Any CPU.ActiveCfg = Release|Any CPU
		{CB3B7203-8EE9-49D8-9ABC-5DC5025C525E}.Release|Any CPU.Build.0 = Release|Any CPU
		{79042BE3-3F98-4C5E-BEA2-F82F497F8526}.Debug|Any CPU.ActiveCfg = Debug|Any CPU
		{79042BE3-3F98-4C5E-BEA2-F82F497F8526}.Debug|Any CPU.Build.0 = Debug|Any CPU
		{79042BE3-3F98-4C5E-BEA2-F82F497F8526}.Release|Any CPU.ActiveCfg = Release|Any CPU
		{79042BE3-3F98-4C5E-BEA2-F82F497F8526}.Release|Any CPU.Build.0 = Release|Any CPU
		{B62518D3-E81C-4937-B1F0-5A936D719693}.Debug|Any CPU.ActiveCfg = Debug|Any CPU
		{B62518D3-E81C-4937-B1F0-5A936D719693}.Debug|Any CPU.Build.0 = Debug|Any CPU
		{B62518D3-E81C-4937-B1F0-5A936D719693}.Release|Any CPU.ActiveCfg = Release|Any CPU
		{B62518D3-E81C-4937-B1F0-5A936D719693}.Release|Any CPU.Build.0 = Release|Any CPU
		{E186AC23-0A09-45E9-ABD7-E6123E200C52}.Debug|Any CPU.ActiveCfg = Debug|Any CPU
		{E186AC23-0A09-45E9-ABD7-E6123E200C52}.Debug|Any CPU.Build.0 = Debug|Any CPU
		{E186AC23-0A09-45E9-ABD7-E6123E200C52}.Release|Any CPU.ActiveCfg = Release|Any CPU
		{E186AC23-0A09-45E9-ABD7-E6123E200C52}.Release|Any CPU.Build.0 = Release|Any CPU
		{942B8034-0548-4798-BB0B-9417311CA883}.Debug|Any CPU.ActiveCfg = Debug|Any CPU
		{942B8034-0548-4798-BB0B-9417311CA883}.Debug|Any CPU.Build.0 = Debug|Any CPU
		{942B8034-0548-4798-BB0B-9417311CA883}.Release|Any CPU.ActiveCfg = Release|Any CPU
		{942B8034-0548-4798-BB0B-9417311CA883}.Release|Any CPU.Build.0 = Release|Any CPU
		{332FFFFB-D1B2-42A1-9B1A-4309AB70D1DB}.Debug|Any CPU.ActiveCfg = Debug|Any CPU
		{332FFFFB-D1B2-42A1-9B1A-4309AB70D1DB}.Debug|Any CPU.Build.0 = Debug|Any CPU
		{332FFFFB-D1B2-42A1-9B1A-4309AB70D1DB}.Release|Any CPU.ActiveCfg = Release|Any CPU
		{332FFFFB-D1B2-42A1-9B1A-4309AB70D1DB}.Release|Any CPU.Build.0 = Release|Any CPU
		{7C3CE344-C17E-4804-8BD8-499423B05ECB}.Debug|Any CPU.ActiveCfg = Debug|Any CPU
		{7C3CE344-C17E-4804-8BD8-499423B05ECB}.Debug|Any CPU.Build.0 = Debug|Any CPU
		{7C3CE344-C17E-4804-8BD8-499423B05ECB}.Release|Any CPU.ActiveCfg = Release|Any CPU
		{7C3CE344-C17E-4804-8BD8-499423B05ECB}.Release|Any CPU.Build.0 = Release|Any CPU
		{59C642DB-02F2-4AC4-8858-0A0602B8C762}.Debug|Any CPU.ActiveCfg = Debug|Any CPU
		{59C642DB-02F2-4AC4-8858-0A0602B8C762}.Debug|Any CPU.Build.0 = Debug|Any CPU
		{59C642DB-02F2-4AC4-8858-0A0602B8C762}.Release|Any CPU.ActiveCfg = Release|Any CPU
		{59C642DB-02F2-4AC4-8858-0A0602B8C762}.Release|Any CPU.Build.0 = Release|Any CPU
	EndGlobalSection
	GlobalSection(SolutionProperties) = preSolution
		HideSolutionNode = FALSE
	EndGlobalSection
	GlobalSection(NestedProjects) = preSolution
		{E3543EED-B932-40FE-9986-1877DCEF3934} = {87757E99-1BC9-46B5-BCB7-C49EB107CDE9}
		{5E505C7E-74B8-4B5C-9989-BFAC6279065B} = {87757E99-1BC9-46B5-BCB7-C49EB107CDE9}
		{B1E6C02C-D036-4E02-A66C-F7A5A75C8F78} = {87757E99-1BC9-46B5-BCB7-C49EB107CDE9}
		{F7E90D5A-EEB1-45F4-AD3E-C707BC5DB2A9} = {87757E99-1BC9-46B5-BCB7-C49EB107CDE9}
		{8EFB3AB8-82D3-4A39-9B7C-15512395B555} = {04A5DF86-B19F-4F68-A9F2-24F64469E02B}
		{85D7677F-F564-49BB-90FC-498D6DFEBF81} = {04A5DF86-B19F-4F68-A9F2-24F64469E02B}
		{E6B6BCEA-0DFC-4ECB-A1F2-E8A38B0C7222} = {04A5DF86-B19F-4F68-A9F2-24F64469E02B}
		{E186AC23-0A09-45E9-ABD7-E6123E200C52} = {04A5DF86-B19F-4F68-A9F2-24F64469E02B}
		{942B8034-0548-4798-BB0B-9417311CA883} = {04A5DF86-B19F-4F68-A9F2-24F64469E02B}
		{EB448C5D-5CED-4F3B-9694-7BCCF20DCA51} = {B45E9AFC-CB67-4A69-A3B1-607CA9D33506}
		{64FADDE4-B1CC-431D-B646-37286621500F} = {B45E9AFC-CB67-4A69-A3B1-607CA9D33506}
		{57C0192D-6D8F-4FDF-A349-B30CC5F96A67} = {B45E9AFC-CB67-4A69-A3B1-607CA9D33506}
		{1D9FFCF0-992B-4533-A9B6-590C6CBDD399} = {B45E9AFC-CB67-4A69-A3B1-607CA9D33506}
		{5DC53C0F-D4D1-4E78-9764-0F25F32FF14C} = {B45E9AFC-CB67-4A69-A3B1-607CA9D33506}
		{79042BE3-3F98-4C5E-BEA2-F82F497F8526} = {B45E9AFC-CB67-4A69-A3B1-607CA9D33506}
		{B62518D3-E81C-4937-B1F0-5A936D719693} = {B45E9AFC-CB67-4A69-A3B1-607CA9D33506}
		{CB3B7203-8EE9-49D8-9ABC-5DC5025C525E} = {8EFB3AB8-82D3-4A39-9B7C-15512395B555}
		{332FFFFB-D1B2-42A1-9B1A-4309AB70D1DB} = {8EFB3AB8-82D3-4A39-9B7C-15512395B555}
		{7C3CE344-C17E-4804-8BD8-499423B05ECB} = {8EFB3AB8-82D3-4A39-9B7C-15512395B555}
		{59C642DB-02F2-4AC4-8858-0A0602B8C762} = {8EFB3AB8-82D3-4A39-9B7C-15512395B555}
	EndGlobalSection
EndGlobal
